{
  "lockfileVersion": 1,
  "workspaces": {
    "": {
      "name": "hono-starter",
      "dependencies": {
        "@hono/zod-openapi": "^1.1.4",
        "@scalar/hono-api-reference": "^0.9.23",
        "hono": "^4.10.4",
        "zod": "^4.1.12",
      },
      "devDependencies": {
        "@biomejs/biome": "^1.9.4",
        "@types/bun": "^1.3.1",
        "husky": "^9.1.7",
      },
    },
  },
  "packages": {
    "@asteasolutions/zod-to-openapi": ["@asteasolutions/zod-to-openapi@8.1.0", "", { "dependencies": { "openapi3-ts": "^4.1.2" }, "peerDependencies": { "zod": "^4.0.0" } }, "sha512-tQFxVs05J/6QXXqIzj6rTRk3nj1HFs4pe+uThwE95jL5II2JfpVXkK+CqkO7aT0Do5AYqO6LDrKpleLUFXgY+g=="],

    "@biomejs/biome": ["@biomejs/biome@1.9.4", "", { "optionalDependencies": { "@biomejs/cli-darwin-arm64": "1.9.4", "@biomejs/cli-darwin-x64": "1.9.4", "@biomejs/cli-linux-arm64": "1.9.4", "@biomejs/cli-linux-arm64-musl": "1.9.4", "@biomejs/cli-linux-x64": "1.9.4", "@biomejs/cli-linux-x64-musl": "1.9.4", "@biomejs/cli-win32-arm64": "1.9.4", "@biomejs/cli-win32-x64": "1.9.4" }, "bin": { "biome": "bin/biome" } }, "sha512-1rkd7G70+o9KkTn5KLmDYXihGoTaIGO9PIIN2ZB7UJxFrWw04CZHPYiMRjYsaDvVV7hP1dYNRLxSANLaBFGpog=="],

    "@biomejs/cli-darwin-arm64": ["@biomejs/cli-darwin-arm64@1.9.4", "", { "os": "darwin", "cpu": "arm64" }, "sha512-bFBsPWrNvkdKrNCYeAp+xo2HecOGPAy9WyNyB/jKnnedgzl4W4Hb9ZMzYNbf8dMCGmUdSavlYHiR01QaYR58cw=="],

    "@biomejs/cli-darwin-x64": ["@biomejs/cli-darwin-x64@1.9.4", "", { "os": "darwin", "cpu": "x64" }, "sha512-ngYBh/+bEedqkSevPVhLP4QfVPCpb+4BBe2p7Xs32dBgs7rh9nY2AIYUL6BgLw1JVXV8GlpKmb/hNiuIxfPfZg=="],

    "@biomejs/cli-linux-arm64": ["@biomejs/cli-linux-arm64@1.9.4", "", { "os": "linux", "cpu": "arm64" }, "sha512-fJIW0+LYujdjUgJJuwesP4EjIBl/N/TcOX3IvIHJQNsAqvV2CHIogsmA94BPG6jZATS4Hi+xv4SkBBQSt1N4/g=="],

    "@biomejs/cli-linux-arm64-musl": ["@biomejs/cli-linux-arm64-musl@1.9.4", "", { "os": "linux", "cpu": "arm64" }, "sha512-v665Ct9WCRjGa8+kTr0CzApU0+XXtRgwmzIf1SeKSGAv+2scAlW6JR5PMFo6FzqqZ64Po79cKODKf3/AAmECqA=="],

    "@biomejs/cli-linux-x64": ["@biomejs/cli-linux-x64@1.9.4", "", { "os": "linux", "cpu": "x64" }, "sha512-lRCJv/Vi3Vlwmbd6K+oQ0KhLHMAysN8lXoCI7XeHlxaajk06u7G+UsFSO01NAs5iYuWKmVZjmiOzJ0OJmGsMwg=="],

    "@biomejs/cli-linux-x64-musl": ["@biomejs/cli-linux-x64-musl@1.9.4", "", { "os": "linux", "cpu": "x64" }, "sha512-gEhi/jSBhZ2m6wjV530Yy8+fNqG8PAinM3oV7CyO+6c3CEh16Eizm21uHVsyVBEB6RIM8JHIl6AGYCv6Q6Q9Tg=="],

    "@biomejs/cli-win32-arm64": ["@biomejs/cli-win32-arm64@1.9.4", "", { "os": "win32", "cpu": "arm64" }, "sha512-tlbhLk+WXZmgwoIKwHIHEBZUwxml7bRJgk0X2sPyNR3S93cdRq6XulAZRQJ17FYGGzWne0fgrXBKpl7l4M87Hg=="],

    "@biomejs/cli-win32-x64": ["@biomejs/cli-win32-x64@1.9.4", "", { "os": "win32", "cpu": "x64" }, "sha512-8Y5wMhVIPaWe6jw2H+KlEm4wP/f7EW3810ZLmDlrEEy5KvBsb9ECEfu/kMWD484ijfQ8+nIi0giMgu9g1UAuuA=="],

    "@hono/zod-openapi": ["@hono/zod-openapi@1.1.4", "", { "dependencies": { "@asteasolutions/zod-to-openapi": "^8.1.0", "@hono/zod-validator": "^0.7.4", "openapi3-ts": "^4.5.0" }, "peerDependencies": { "hono": ">=4.3.6", "zod": "^4.0.0" } }, "sha512-4BbOtd6oKg20yo6HLluVbEycBLLIfdKX5o/gUSoKZ2uBmeP4Og/VDfIX3k9pbNEX5W3fRkuPeVjGA+zaQDVY1A=="],

    "@hono/zod-validator": ["@hono/zod-validator@0.7.4", "", { "peerDependencies": { "hono": ">=3.9.0", "zod": "^3.25.0 || ^4.0.0" } }, "sha512-biKGn3BRJVaftZlIPMyK+HCe/UHAjJ6sH0UyXe3+v0OcgVr9xfImDROTJFLtn9e3XEEAHGZIM9U6evu85abm8Q=="],

    "@scalar/core": ["@scalar/core@0.3.21", "", { "dependencies": { "@scalar/types": "0.4.0" } }, "sha512-jwBWUHxxPf30V+ddrSyiDPXYPrC2Z2/Tch8mNPphhd3gi1Dr4Bgd6aMFVIEqlzdOInfTR0pbignifPnQL4GTeA=="],

    "@scalar/hono-api-reference": ["@scalar/hono-api-reference@0.9.23", "", { "dependencies": { "@scalar/core": "0.3.21" }, "peerDependencies": { "hono": "^4.10.3" } }, "sha512-Vi7ypOwJO7x1+lVFmh4z6ljqxMThGUWhCA3Z4eBenS8sv/eSYmucI/on1AjItqt2yYBNTZcAxhN8GsCeECR5FA=="],

    "@scalar/openapi-types": ["@scalar/openapi-types@0.5.1", "", { "dependencies": { "zod": "4.1.11" } }, "sha512-8g7s9lPolyDFtijyh3Ob459tpezPuZbkXoFgJwBTHjPZ7ap+TvOJTvLk56CFwxVBVz2BxCzWJqxYyy3FUdeLoA=="],

    "@scalar/types": ["@scalar/types@0.4.0", "", { "dependencies": { "@scalar/openapi-types": "0.5.1", "nanoid": "5.1.5", "type-fest": "5.0.0", "zod": "4.1.11" } }, "sha512-vOD1GZez7kPdVA+UQit05QE9dbALfevhK9kqRTsqcPX7FvvZ9eQWSNl1GKmKtmRiAZGThv2agM5AvHRxkH2JSw=="],

    "@types/bun": ["@types/bun@1.3.1", "", { "dependencies": { "bun-types": "1.3.1" } }, "sha512-4jNMk2/K9YJtfqwoAa28c8wK+T7nvJFOjxI4h/7sORWcypRNxBpr+TPNaCfVWq70tLCJsqoFwcf0oI0JU/fvMQ=="],

    "@types/node": ["@types/node@24.10.0", "", { "dependencies": { "undici-types": "~7.16.0" } }, "sha512-qzQZRBqkFsYyaSWXuEHc2WR9c0a0CXwiE5FWUvn7ZM+vdy1uZLfCunD38UzhuB7YN/J11ndbDBcTmOdxJo9Q7A=="],

    "@types/react": ["@types/react@19.2.2", "", { "dependencies": { "csstype": "^3.0.2" } }, "sha512-6mDvHUFSjyT2B2yeNx2nUgMxh9LtOWvkhIU3uePn2I2oyNymUAX1NIsdgviM4CH+JSrp2D2hsMvJOkxY+0wNRA=="],

    "bun-types": ["bun-types@1.3.1", "", { "dependencies": { "@types/node": "*" }, "peerDependencies": { "@types/react": "^19" } }, "sha512-NMrcy7smratanWJ2mMXdpatalovtxVggkj11bScuWuiOoXTiKIu2eVS1/7qbyI/4yHedtsn175n4Sm4JcdHLXw=="],

    "csstype": ["csstype@3.1.3", "", {}, "sha512-M1uQkMl8rQK/szD0LNhtqxIPLpimGm8sOBwU7lLnCpSbTyY3yeU1Vc7l4KT5zT4s/yOxHH5O7tIuuLOCnLADRw=="],

    "hono": ["hono@4.10.4", "", {}, "sha512-YG/fo7zlU3KwrBL5vDpWKisLYiM+nVstBQqfr7gCPbSYURnNEP9BDxEMz8KfsDR9JX0lJWDRNc6nXX31v7ZEyg=="],

    "husky": ["husky@9.1.7", "", { "bin": { "husky": "bin.js" } }, "sha512-5gs5ytaNjBrh5Ow3zrvdUUY+0VxIuWVL4i9irt6friV+BqdCfmV11CQTWMiBYWHbXhco+J1kHfTOUkePhCDvMA=="],

    "nanoid": ["nanoid@5.1.5", "", { "bin": { "nanoid": "bin/nanoid.js" } }, "sha512-Ir/+ZpE9fDsNH0hQ3C68uyThDXzYcim2EqcZ8zn8Chtt1iylPT9xXJB0kPCnqzgcEGikO9RxSrh63MsmVCU7Fw=="],

    "openapi3-ts": ["openapi3-ts@4.5.0", "", { "dependencies": { "yaml": "^2.8.0" } }, "sha512-jaL+HgTq2Gj5jRcfdutgRGLosCy/hT8sQf6VOy+P+g36cZOjI1iukdPnijC+4CmeRzg/jEllJUboEic2FhxhtQ=="],

    "tagged-tag": ["tagged-tag@1.0.0", "", {}, "sha512-yEFYrVhod+hdNyx7g5Bnkkb0G6si8HJurOoOEgC8B/O0uXLHlaey/65KRv6cuWBNhBgHKAROVpc7QyYqE5gFng=="],

    "type-fest": ["type-fest@5.0.0", "", { "dependencies": { "tagged-tag": "^1.0.0" } }, "sha512-GeJop7+u7BYlQ6yQCAY1nBQiRSHR+6OdCEtd8Bwp9a3NK3+fWAVjOaPKJDteB9f6cIJ0wt4IfnScjLG450EpXA=="],

    "undici-types": ["undici-types@7.16.0", "", {}, "sha512-Zz+aZWSj8LE6zoxD+xrjh4VfkIG8Ya6LvYkZqtUQGJPZjYl53ypCaUwWqo7eI0x66KBGeRo+mlBEkMSeSZ38Nw=="],

    "yaml": ["yaml@2.8.1", "", { "bin": { "yaml": "bin.mjs" } }, "sha512-lcYcMxX2PO9XMGvAJkJ3OsNMw+/7FKes7/hgerGUYWIoWu5j/+YQqcZr5JnPZWzOsEBgMbSbiSTn/dv/69Mkpw=="],

    "zod": ["zod@4.1.12", "", {}, "sha512-JInaHOamG8pt5+Ey8kGmdcAcg3OL9reK8ltczgHTAwNhMys/6ThXHityHxVV2p3fkw/c+MAvBHFVYHFZDmjMCQ=="],

    "@scalar/openapi-types/zod": ["zod@4.1.11", "", {}, "sha512-WPsqwxITS2tzx1bzhIKsEs19ABD5vmCVa4xBo2tq/SrV4RNZtfws1EnCWQXM6yh8bD08a1idvkB5MZSBiZsjwg=="],

    "@scalar/types/zod": ["zod@4.1.11", "", {}, "sha512-WPsqwxITS2tzx1bzhIKsEs19ABD5vmCVa4xBo2tq/SrV4RNZtfws1EnCWQXM6yh8bD08a1idvkB5MZSBiZsjwg=="],
  }
}
